
Microsoft Visual Studio Solution File, Format Version 12.00
Project("{FAE04EC0-301F-11D3-BF4B-00C04F79EFBC}") = "CS_Day1", "CS_Day1\CS_Day1.csproj", "{BA1DB1D3-77F0-4DED-837B-B3FB03D80697}"
EndProject
Global
	GlobalSection(SolutionConfigurationPlatforms) = preSolution
		Debug|Any CPU = Debug|Any CPU
		Release|Any CPU = Release|Any CPU
	EndGlobalSection
	GlobalSection(ProjectConfigurationPlatforms) = postSolution
		{BA1DB1D3-77F0-4DED-837B-B3FB03D80697}.Debug|Any CPU.ActiveCfg = Debug|Any CPU
		{BA1DB1D3-77F0-4DED-837B-B3FB03D80697}.Debug|Any CPU.Build.0 = Debug|Any CPU
		{BA1DB1D3-77F0-4DED-837B-B3FB03D80697}.Release|Any CPU.ActiveCfg = Release|Any CPU
		{BA1DB1D3-77F0-4DED-837B-B3FB03D80697}.Release|Any CPU.Build.0 = Release|Any CPU
	EndGlobalSection
EndGlobal
